
Microsoft Visual Studio Solution File, Format Version 12.00
# Visual Studio Version 16
VisualStudioVersion = 16.0.30804.86
MinimumVisualStudioVersion = 10.0.40219.1
Project("{FAE04EC0-301F-11D3-BF4B-00C04F79EFBC}") = "DietProject", "DietProject\DietProject.csproj", "{9C971EA7-BC74-4954-9AA4-6F4F851EAF0C}"
EndProject
Project("{FAE04EC0-301F-11D3-BF4B-00C04F79EFBC}") = "DBDataInit", "DBDataInit\DBDataInit.csproj", "{9142ED1B-68D4-442A-9062-2AAA31CFBB03}"
EndProject
Project("{FAE04EC0-301F-11D3-BF4B-00C04F79EFBC}") = "DietProject.Tests", "DietProject.Tests\DietProject.Tests.csproj", "{EC060618-AA99-454F-8BEA-F73FABF387F9}"
EndProject
Global
	GlobalSection(SolutionConfigurationPlatforms) = preSolution
		Debug|Any CPU = Debug|Any CPU
		Release|Any CPU = Release|Any CPU
	EndGlobalSection
	GlobalSection(ProjectConfigurationPlatforms) = postSolution
		{9C971EA7-BC74-4954-9AA4-6F4F851EAF0C}.Debug|Any CPU.ActiveCfg = Debug|Any CPU
		{9C971EA7-BC74-4954-9AA4-6F4F851EAF0C}.Debug|Any CPU.Build.0 = Debug|Any CPU
		{9C971EA7-BC74-4954-9AA4-6F4F851EAF0C}.Release|Any CPU.ActiveCfg = Release|Any CPU
		{9C971EA7-BC74-4954-9AA4-6F4F851EAF0C}.Release|Any CPU.Build.0 = Release|Any CPU
		{9142ED1B-68D4-442A-9062-2AAA31CFBB03}.Debug|Any CPU.ActiveCfg = Debug|Any CPU
		{9142ED1B-68D4-442A-9062-2AAA31CFBB03}.Debug|Any CPU.Build.0 = Debug|Any CPU
		{9142ED1B-68D4-442A-9062-2AAA31CFBB03}.Release|Any CPU.ActiveCfg = Release|Any CPU
		{9142ED1B-68D4-442A-9062-2AAA31CFBB03}.Release|Any CPU.Build.0 = Release|Any CPU
		{EC060618-AA99-454F-8BEA-F73FABF387F9}.Debug|Any CPU.ActiveCfg = Debug|Any CPU
		{EC060618-AA99-454F-8BEA-F73FABF387F9}.Debug|Any CPU.Build.0 = Debug|Any CPU
		{EC060618-AA99-454F-8BEA-F73FABF387F9}.Release|Any CPU.ActiveCfg = Release|Any CPU
		{EC060618-AA99-454F-8BEA-F73FABF387F9}.Release|Any CPU.Build.0 = Release|Any CPU
	EndGlobalSection
	GlobalSection(SolutionProperties) = preSolution
		HideSolutionNode = FALSE
	EndGlobalSection
	GlobalSection(ExtensibilityGlobals) = postSolution
		SolutionGuid = {59E5AF71-DCA2-46D8-B2E1-A0301A965663}
	EndGlobalSection
EndGlobal
